
Microsoft Visual Studio Solution File, Format Version 12.00
# Visual Studio Version 16
VisualStudioVersion = 16.0.30717.126
MinimumVisualStudioVersion = 10.0.40219.1
Project("{9A19103F-16F7-4668-BE54-9A1E7A4F7556}") = "GalleryManagerConsole", "GalleryManagerConsole\GalleryManagerConsole.csproj", "{815EC0E0-6542-4344-8990-F056D53EAF0D}"
EndProject
Project("{9A19103F-16F7-4668-BE54-9A1E7A4F7556}") = "GalleryManager", "GalleryManager\GalleryManager.csproj", "{506A4A43-A503-4972-A4C0-660A4D033A14}"
EndProject
Project("{FAE04EC0-301F-11D3-BF4B-00C04F79EFBC}") = "GalleryManagerTests", "GalleryManagerTests\GalleryManagerTests.csproj", "{1A613E3F-0E1F-4825-9DF5-5D1ED99F24E7}"
EndProject
Global
	GlobalSection(SolutionConfigurationPlatforms) = preSolution
		Debug|Any CPU = Debug|Any CPU
		Debug|x64 = Debug|x64
		Release|Any CPU = Release|Any CPU
		Release|x64 = Release|x64
	EndGlobalSection
	GlobalSection(ProjectConfigurationPlatforms) = postSolution
		{815EC0E0-6542-4344-8990-F056D53EAF0D}.Debug|Any CPU.ActiveCfg = Debug|Any CPU
		{815EC0E0-6542-4344-8990-F056D53EAF0D}.Debug|Any CPU.Build.0 = Debug|Any CPU
		{815EC0E0-6542-4344-8990-F056D53EAF0D}.Debug|x64.ActiveCfg = Debug|x64
		{815EC0E0-6542-4344-8990-F056D53EAF0D}.Debug|x64.Build.0 = Debug|x64
		{815EC0E0-6542-4344-8990-F056D53EAF0D}.Release|Any CPU.ActiveCfg = Release|Any CPU
		{815EC0E0-6542-4344-8990-F056D53EAF0D}.Release|Any CPU.Build.0 = Release|Any CPU
		{815EC0E0-6542-4344-8990-F056D53EAF0D}.Release|x64.ActiveCfg = Release|x64
		{815EC0E0-6542-4344-8990-F056D53EAF0D}.Release|x64.Build.0 = Release|x64
		{506A4A43-A503-4972-A4C0-660A4D033A14}.Debug|Any CPU.ActiveCfg = Debug|Any CPU
		{506A4A43-A503-4972-A4C0-660A4D033A14}.Debug|Any CPU.Build.0 = Debug|Any CPU
		{506A4A43-A503-4972-A4C0-660A4D033A14}.Debug|x64.ActiveCfg = Debug|x64
		{506A4A43-A503-4972-A4C0-660A4D033A14}.Debug|x64.Build.0 = Debug|x64
		{506A4A43-A503-4972-A4C0-660A4D033A14}.Release|Any CPU.ActiveCfg = Release|Any CPU
		{506A4A43-A503-4972-A4C0-660A4D033A14}.Release|Any CPU.Build.0 = Release|Any CPU
		{506A4A43-A503-4972-A4C0-660A4D033A14}.Release|x64.ActiveCfg = Release|x64
		{506A4A43-A503-4972-A4C0-660A4D033A14}.Release|x64.Build.0 = Release|x64
		{1A613E3F-0E1F-4825-9DF5-5D1ED99F24E7}.Debug|Any CPU.ActiveCfg = Debug|Any CPU
		{1A613E3F-0E1F-4825-9DF5-5D1ED99F24E7}.Debug|Any CPU.Build.0 = Debug|Any CPU
		{1A613E3F-0E1F-4825-9DF5-5D1ED99F24E7}.Debug|x64.ActiveCfg = Debug|Any CPU
		{1A613E3F-0E1F-4825-9DF5-5D1ED99F24E7}.Debug|x64.Build.0 = Debug|Any CPU
		{1A613E3F-0E1F-4825-9DF5-5D1ED99F24E7}.Release|Any CPU.ActiveCfg = Release|Any CPU
		{1A613E3F-0E1F-4825-9DF5-5D1ED99F24E7}.Release|Any CPU.Build.0 = Release|Any CPU
		{1A613E3F-0E1F-4825-9DF5-5D1ED99F24E7}.Release|x64.ActiveCfg = Release|Any CPU
		{1A613E3F-0E1F-4825-9DF5-5D1ED99F24E7}.Release|x64.Build.0 = Release|Any CPU
	EndGlobalSection
	GlobalSection(SolutionProperties) = preSolution
		HideSolutionNode = FALSE
	EndGlobalSection
	GlobalSection(ExtensibilityGlobals) = postSolution
		SolutionGuid = {1919D815-1D9A-46E0-9A51-5F2F54B5C778}
	EndGlobalSection
EndGlobal
